
Microsoft Visual Studio Solution File, Format Version 12.00
# Visual Studio Version 17
VisualStudioVersion = 17.14.36623.8 d17.14
MinimumVisualStudioVersion = 10.0.40219.1
Project("{FAE04EC0-301F-11D3-BF4B-00C04F79EFBC}") = "Atividade Aurivam 03-11-2025", "Atividade Aurivam 03-11-2025\Atividade Aurivam 03-11-2025.csproj", "{83FB817A-2B1B-4578-A518-918C37C57468}"
EndProject
Global
	GlobalSection(SolutionConfigurationPlatforms) = preSolution
		Debug|Any CPU = Debug|Any CPU
		Release|Any CPU = Release|Any CPU
	EndGlobalSection
	GlobalSection(ProjectConfigurationPlatforms) = postSolution
		{83FB817A-2B1B-4578-A518-918C37C57468}.Debug|Any CPU.ActiveCfg = Debug|Any CPU
		{83FB817A-2B1B-4578-A518-918C37C57468}.Debug|Any CPU.Build.0 = Debug|Any CPU
		{83FB817A-2B1B-4578-A518-918C37C57468}.Release|Any CPU.ActiveCfg = Release|Any CPU
		{83FB817A-2B1B-4578-A518-918C37C57468}.Release|Any CPU.Build.0 = Release|Any CPU
	EndGlobalSection
	GlobalSection(SolutionProperties) = preSolution
		HideSolutionNode = FALSE
	EndGlobalSection
	GlobalSection(ExtensibilityGlobals) = postSolution
		SolutionGuid = {005B4D59-EC87-465C-B2D2-B716D51B8968}
	EndGlobalSection
EndGlobal
